
Microsoft Visual Studio Solution File, Format Version 12.00
# Visual Studio Version 17
VisualStudioVersion = 17.8.34511.84
MinimumVisualStudioVersion = 10.0.40219.1
Project("{FAE04EC0-301F-11D3-BF4B-00C04F79EFBC}") = "Lab1", "Lab1\Lab1.csproj", "{35503829-579A-425E-BE77-1726CCAF9098}"
EndProject
Global
	GlobalSection(SolutionConfigurationPlatforms) = preSolution
		Debug|Any CPU = Debug|Any CPU
		Release|Any CPU = Release|Any CPU
	EndGlobalSection
	GlobalSection(ProjectConfigurationPlatforms) = postSolution
		{35503829-579A-425E-BE77-1726CCAF9098}.Debug|Any CPU.ActiveCfg = Debug|Any CPU
		{35503829-579A-425E-BE77-1726CCAF9098}.Debug|Any CPU.Build.0 = Debug|Any CPU
		{35503829-579A-425E-BE77-1726CCAF9098}.Release|Any CPU.ActiveCfg = Release|Any CPU
		{35503829-579A-425E-BE77-1726CCAF9098}.Release|Any CPU.Build.0 = Release|Any CPU
	EndGlobalSection
	GlobalSection(SolutionProperties) = preSolution
		HideSolutionNode = FALSE
	EndGlobalSection
	GlobalSection(ExtensibilityGlobals) = postSolution
		SolutionGuid = {395E8B16-6D97-45B4-AD07-41581EFC9957}
	EndGlobalSection
EndGlobal
