
Microsoft Visual Studio Solution File, Format Version 12.00
# Visual Studio Version 17
VisualStudioVersion = 17.8.34511.84
MinimumVisualStudioVersion = 10.0.40219.1
Project("{FAE04EC0-301F-11D3-BF4B-00C04F79EFBC}") = "Lab2", "Lab2\Lab2.csproj", "{96F1F0DF-30BF-4047-A22D-B40439E24283}"
EndProject
Global
	GlobalSection(SolutionConfigurationPlatforms) = preSolution
		Debug|Any CPU = Debug|Any CPU
		Release|Any CPU = Release|Any CPU
	EndGlobalSection
	GlobalSection(ProjectConfigurationPlatforms) = postSolution
		{96F1F0DF-30BF-4047-A22D-B40439E24283}.Debug|Any CPU.ActiveCfg = Debug|Any CPU
		{96F1F0DF-30BF-4047-A22D-B40439E24283}.Debug|Any CPU.Build.0 = Debug|Any CPU
		{96F1F0DF-30BF-4047-A22D-B40439E24283}.Release|Any CPU.ActiveCfg = Release|Any CPU
		{96F1F0DF-30BF-4047-A22D-B40439E24283}.Release|Any CPU.Build.0 = Release|Any CPU
	EndGlobalSection
	GlobalSection(SolutionProperties) = preSolution
		HideSolutionNode = FALSE
	EndGlobalSection
	GlobalSection(ExtensibilityGlobals) = postSolution
		SolutionGuid = {722DEBFD-EDF1-450C-B8A6-8F1D4717FC15}
	EndGlobalSection
EndGlobal
